
Microsoft Visual Studio Solution File, Format Version 12.00
# Visual Studio 15
VisualStudioVersion = 15.0.27130.2003
MinimumVisualStudioVersion = 10.0.40219.1
Project("{FAE04EC0-301F-11D3-BF4B-00C04F79EFBC}") = "HelloWorld", "HelloWorld\HelloWorld.csproj", "{91F237A9-0AAE-4463-BA69-419EA61F5722}"
EndProject
Global
	GlobalSection(SolutionConfigurationPlatforms) = preSolution
		Debug|Any CPU = Debug|Any CPU
		Debug|ARM = Debug|ARM
		Debug|x64 = Debug|x64
		Debug|x86 = Debug|x86
		Release|Any CPU = Release|Any CPU
		Release|ARM = Release|ARM
		Release|x64 = Release|x64
		Release|x86 = Release|x86
	EndGlobalSection
	GlobalSection(ProjectConfigurationPlatforms) = postSolution
		{91F237A9-0AAE-4463-BA69-419EA61F5722}.Debug|Any CPU.ActiveCfg = Debug|Any CPU
		{91F237A9-0AAE-4463-BA69-419EA61F5722}.Debug|Any CPU.Build.0 = Debug|Any CPU
		{91F237A9-0AAE-4463-BA69-419EA61F5722}.Debug|ARM.ActiveCfg = Debug|Any CPU
		{91F237A9-0AAE-4463-BA69-419EA61F5722}.Debug|ARM.Build.0 = Debug|Any CPU
		{91F237A9-0AAE-4463-BA69-419EA61F5722}.Debug|x64.ActiveCfg = Debug|Any CPU
		{91F237A9-0AAE-4463-BA69-419EA61F5722}.Debug|x64.Build.0 = Debug|Any CPU
		{91F237A9-0AAE-4463-BA69-419EA61F5722}.Debug|x86.ActiveCfg = Debug|Any CPU
		{91F237A9-0AAE-4463-BA69-419EA61F5722}.Debug|x86.Build.0 = Debug|Any CPU
		{91F237A9-0AAE-4463-BA69-419EA61F5722}.Release|Any CPU.ActiveCfg = Release|Any CPU
		{91F237A9-0AAE-4463-BA69-419EA61F5722}.Release|Any CPU.Build.0 = Release|Any CPU
		{91F237A9-0AAE-4463-BA69-419EA61F5722}.Release|ARM.ActiveCfg = Release|Any CPU
		{91F237A9-0AAE-4463-BA69-419EA61F5722}.Release|ARM.Build.0 = Release|Any CPU
		{91F237A9-0AAE-4463-BA69-419EA61F5722}.Release|x64.ActiveCfg = Release|Any CPU
		{91F237A9-0AAE-4463-BA69-419EA61F5722}.Release|x64.Build.0 = Release|Any CPU
		{91F237A9-0AAE-4463-BA69-419EA61F5722}.Release|x86.ActiveCfg = Release|Any CPU
		{91F237A9-0AAE-4463-BA69-419EA61F5722}.Release|x86.Build.0 = Release|Any CPU
	EndGlobalSection
	GlobalSection(SolutionProperties) = preSolution
		HideSolutionNode = FALSE
	EndGlobalSection
	GlobalSection(ExtensibilityGlobals) = postSolution
		SolutionGuid = {81A64D96-D5A6-4F5F-A9A4-F807E0528E85}
	EndGlobalSection
EndGlobal
